{
  "version": 4,
  "terraform_version": "1.3.7",
  "serial": 2,
  "lineage": "e23c0022-e482-bdbc-2787-607b416cebff",
  "outputs": {
    "minecraft_ip": {
      "value": "134.209.126.9",
      "type": "string"
    }
  },
  "resources": [
    {
      "mode": "data",
      "type": "digitalocean_ssh_key",
      "name": "ssh_keys",
      "provider": "provider[\"registry.terraform.io/digitalocean/digitalocean\"]",
      "instances": [
        {
          "schema_version": 0,
          "attributes": {
            "fingerprint": "64:7d:d4:77:05:ae:87:a1:ed:20:53:ec:35:db:35:99",
            "id": 37364849,
            "name": "Jornada DevOps",
            "public_key": "ssh-rsa AAAAB3NzaC1yc2EAAAADAQABAAABAQC3Wv1So+DqLv/17BMLKONOqPZRXeR3tOwZAcnDBc44YFRUqZbRqkisklxZTSUfUPai4tk6eAjJ1uIa2gJ/admlmFAm5AXKUphVOwxZuUrZ9ROcLAvesQZobjubVvSuC9guLEsMwwfGiBDMWFixNYZir2+oE8LscbgNaQnVgo6ZayKr5e/u7RAy3XpUxLqjWDwQOItPuuGX5Kh0T0RajMLlcSUNBPaogMaG5dPeF3dDCnReU8n2tqd3v1Gx5X/QebvygvbKF0YDoFoLCcWj5miT1uhlDFGZ0uSbxhH1AUArZg69Fx+oYmDCc0b/pfIoWnGlsAHAUcX6ttspofCXiTx9"
          },
          "sensitive_attributes": []
        }
      ]
    },
    {
      "mode": "managed",
      "type": "digitalocean_droplet",
      "name": "minecraft",
      "provider": "provider[\"registry.terraform.io/digitalocean/digitalocean\"]",
      "instances": [
        {
          "schema_version": 1,
          "attributes": {
            "backups": false,
            "created_at": "2023-01-28T01:45:17Z",
            "disk": 60,
            "droplet_agent": null,
            "graceful_shutdown": false,
            "id": "337912369",
            "image": "ubuntu-22-04-x64",
            "ipv4_address": "134.209.126.9",
            "ipv4_address_private": "10.116.0.2",
            "ipv6": false,
            "ipv6_address": "",
            "locked": false,
            "memory": 2048,
            "monitoring": false,
            "name": "minecraft",
            "price_hourly": 0.02679,
            "price_monthly": 18,
            "private_networking": true,
            "region": "nyc1",
            "resize_disk": true,
            "size": "s-2vcpu-2gb",
            "ssh_keys": [
              "37364849"
            ],
            "status": "active",
            "tags": null,
            "timeouts": null,
            "urn": "do:droplet:337912369",
            "user_data": null,
            "vcpus": 2,
            "volume_ids": [],
            "vpc_uuid": "2b2ed700-e297-4b17-86cc-3ccfcf55a855"
          },
          "sensitive_attributes": [],
          "private": "eyJlMmJmYjczMC1lY2FhLTExZTYtOGY4OC0zNDM2M2JjN2M0YzAiOnsiY3JlYXRlIjozNjAwMDAwMDAwMDAwLCJkZWxldGUiOjYwMDAwMDAwMDAwLCJ1cGRhdGUiOjM2MDAwMDAwMDAwMDB9LCJzY2hlbWFfdmVyc2lvbiI6IjEifQ==",
          "dependencies": [
            "data.digitalocean_ssh_key.ssh_keys"
          ]
        }
      ]
    }
  ],
  "check_results": null
}
